
Microsoft Visual Studio Solution File, Format Version 12.00
# Visual Studio Version 16
VisualStudioVersion = 16.0.30611.23
MinimumVisualStudioVersion = 10.0.40219.1
Project("{FAE04EC0-301F-11D3-BF4B-00C04F79EFBC}") = "Translater", "Translater\Translater.csproj", "{F495E22D-CC16-4E4B-A910-F77D185878D9}"
EndProject
Global
	GlobalSection(SolutionConfigurationPlatforms) = preSolution
		Debug|Any CPU = Debug|Any CPU
		Release|Any CPU = Release|Any CPU
	EndGlobalSection
	GlobalSection(ProjectConfigurationPlatforms) = postSolution
		{F495E22D-CC16-4E4B-A910-F77D185878D9}.Debug|Any CPU.ActiveCfg = Debug|Any CPU
		{F495E22D-CC16-4E4B-A910-F77D185878D9}.Debug|Any CPU.Build.0 = Debug|Any CPU
		{F495E22D-CC16-4E4B-A910-F77D185878D9}.Release|Any CPU.ActiveCfg = Release|Any CPU
		{F495E22D-CC16-4E4B-A910-F77D185878D9}.Release|Any CPU.Build.0 = Release|Any CPU
	EndGlobalSection
	GlobalSection(SolutionProperties) = preSolution
		HideSolutionNode = FALSE
	EndGlobalSection
	GlobalSection(ExtensibilityGlobals) = postSolution
		SolutionGuid = {DC064381-3B18-4767-AF14-A0CB8E13197F}
	EndGlobalSection
EndGlobal
