
Microsoft Visual Studio Solution File, Format Version 12.00
# Visual Studio Version 16
VisualStudioVersion = 16.0.30503.244
MinimumVisualStudioVersion = 10.0.40219.1
Project("{FAE04EC0-301F-11D3-BF4B-00C04F79EFBC}") = "Математические формулы", "Математические формулы\Математические формулы.csproj", "{22C2181E-4F51-4EF0-A2D8-738A5DBFEDEA}"
EndProject
Global
	GlobalSection(SolutionConfigurationPlatforms) = preSolution
		Debug|Any CPU = Debug|Any CPU
		Release|Any CPU = Release|Any CPU
	EndGlobalSection
	GlobalSection(ProjectConfigurationPlatforms) = postSolution
		{22C2181E-4F51-4EF0-A2D8-738A5DBFEDEA}.Debug|Any CPU.ActiveCfg = Debug|Any CPU
		{22C2181E-4F51-4EF0-A2D8-738A5DBFEDEA}.Debug|Any CPU.Build.0 = Debug|Any CPU
		{22C2181E-4F51-4EF0-A2D8-738A5DBFEDEA}.Release|Any CPU.ActiveCfg = Release|Any CPU
		{22C2181E-4F51-4EF0-A2D8-738A5DBFEDEA}.Release|Any CPU.Build.0 = Release|Any CPU
	EndGlobalSection
	GlobalSection(SolutionProperties) = preSolution
		HideSolutionNode = FALSE
	EndGlobalSection
	GlobalSection(ExtensibilityGlobals) = postSolution
		SolutionGuid = {D274EEEF-CEAE-420B-9A15-4D5F46782DDC}
	EndGlobalSection
EndGlobal
